
Microsoft Visual Studio Solution File, Format Version 12.00
# Visual Studio Version 16
VisualStudioVersion = 16.0.33328.57
MinimumVisualStudioVersion = 10.0.40219.1
Project("{FAE04EC0-301F-11D3-BF4B-00C04F79EFBC}") = "WhoKilledYourCuffed", "WhoKilledYourCuffed\WhoKilledYourCuffed.csproj", "{C9566F77-F95B-4EE3-867A-2501D728D97B}"
EndProject
Global
	GlobalSection(SolutionConfigurationPlatforms) = preSolution
		Debug|Any CPU = Debug|Any CPU
		Release|Any CPU = Release|Any CPU
	EndGlobalSection
	GlobalSection(ProjectConfigurationPlatforms) = postSolution
		{C9566F77-F95B-4EE3-867A-2501D728D97B}.Debug|Any CPU.ActiveCfg = Debug|Any CPU
		{C9566F77-F95B-4EE3-867A-2501D728D97B}.Debug|Any CPU.Build.0 = Debug|Any CPU
		{C9566F77-F95B-4EE3-867A-2501D728D97B}.Release|Any CPU.ActiveCfg = Release|Any CPU
		{C9566F77-F95B-4EE3-867A-2501D728D97B}.Release|Any CPU.Build.0 = Release|Any CPU
	EndGlobalSection
	GlobalSection(SolutionProperties) = preSolution
		HideSolutionNode = FALSE
	EndGlobalSection
	GlobalSection(ExtensibilityGlobals) = postSolution
		SolutionGuid = {7603AD1C-B13E-43B1-913E-53BEDBE86E02}
	EndGlobalSection
EndGlobal
